PackratFormat: 1.4
PackratVersion: 0.4.8.1
RVersion: 3.3.2
Repos: CRAN=https://cran.rstudio.com/

Package: BH
Source: CRAN
Version: 1.62.0-1
Hash: 14dfb3e8ffe20996118306ff4de1fab2

Package: DBI
Source: CRAN
Version: 0.6-1
Hash: 4aef5bda70897c1663d5b8bae2f4419a

Package: DT
Source: CRAN
Version: 0.2
Hash: 36b032203797956fedad5a25055016a9
Requires: htmltools, htmlwidgets, magrittr

Package: R6
Source: CRAN
Version: 2.2.0
Hash: 712773a3439bd32db5c40938e1a9aac2

Package: Rcpp
Source: CRAN
Version: 0.12.10
Hash: 6cf65d0dd6a92f2d43c8d4805d33efe9

Package: TTR
Source: CRAN
Version: 0.23-1
Hash: 4d137b2fd11667a413d92e31f106e839
Requires: xts, zoo

Package: assertthat
Source: CRAN
Version: 0.2.0
Hash: e8805df54c65ac96d50235c44a82615c

Package: backports
Source: CRAN
Version: 1.0.5
Hash: 8b835bdc5447f2c76fda198e17d6bda4

Package: base64
Source: CRAN
Version: 2.0
Hash: 9738470a6872ea046c6aea5154b33362
Requires: openssl

Package: base64enc
Source: CRAN
Version: 0.1-3
Hash: c590d29e555926af053055e23ee79efb

Package: bitops
Source: CRAN
Version: 1.0-6
Hash: 67d0775189fd0041d95abca618c5c07e

Package: caTools
Source: CRAN
Version: 1.17.1
Hash: 97cb6f6293cd18d17df77a6383cc6763
Requires: bitops

Package: clipr
Source: CRAN
Version: 0.3.2
Hash: cab1335d98f5d12219e4b27562cd4cd7

Package: costmodelr
Source: github
Version: 0.1.0
Hash: 784d4ae35ffc8696c205f7b698d0aa33
Requires: DT, dplyr, formattable, hierarchicalbubble, lubridate,
    magrittr, memoise, purrr, quantmod, readr, reshape2, rpivotTable,
    stringr, tibble, vegalite, zoo
GithubRepo: costmodelr
GithubUsername: RobinL
GithubRef: master
GithubSha1: c6e5a1833f95ec377cbc6b09c506112f4fea3e63

Package: digest
Source: CRAN
Version: 0.6.12
Hash: e53fb8c58673df868183697e39a6a4d6

Package: dplyr
Source: CRAN
Version: 0.5.0
Hash: 673660fd0b947477dab1044abc8b2c95
Requires: BH, DBI, R6, Rcpp, assertthat, lazyeval, magrittr, tibble

Package: evaluate
Source: CRAN
Version: 0.10
Hash: c3601a10c987d439e0c63ec635234a76
Requires: stringr

Package: formattable
Source: CRAN
Version: 0.2.0.1
Hash: 64836860c4666eadc229c6e47fdd2261
Requires: htmltools, htmlwidgets, knitr, rmarkdown

Package: hierarchicalbubble
Source: github
Version: 0.1
Hash: e54ef6a4405a7b1d89eb4d13c4509c10
Requires: htmltools, htmlwidgets, jsonlite, magrittr, rmarkdown, shiny
GithubRepo: hierarchical_bubble_r_html_widget
GithubUsername: RobinL
GithubRef: master
GithubSha1: 1e4eee1bbff80db483cb7f38961e24c5df4ff817

Package: highr
Source: CRAN
Version: 0.6
Hash: aa3d5b7912b5fed4b546ed5cd2a1760b

Package: hms
Source: CRAN
Version: 0.3
Hash: 3fca8a1c97e6cfb297fe3f4690f82c58

Package: htmltools
Source: CRAN
Version: 0.3.6
Hash: fb62c5ebb577da9b27b9a0b660ba7fc4
Requires: Rcpp, digest

Package: htmlwidgets
Source: CRAN
Version: 0.8
Hash: e7a3c80acddc2412f96d616949e40bb8
Requires: htmltools, jsonlite, yaml

Package: httpuv
Source: CRAN
Version: 1.3.3
Hash: 15df1efb155731a0ac9c0bfd84f13499
Requires: Rcpp

Package: jsonlite
Source: CRAN
Version: 1.4
Hash: 24cc0ffeb1771d710173d9803a131870

Package: knitr
Source: CRAN
Version: 1.15.1
Hash: eed7437e2b614c9e3923b7932b16ac97
Requires: digest, evaluate, highr, markdown, stringr, yaml

Package: lazyeval
Source: CRAN
Version: 0.2.0
Hash: 3d6e7608e65bbf5cb170dab1e3c9ed8b

Package: lubridate
Source: CRAN
Version: 1.6.0
Hash: b90f4cbefe0b3c545dd68b22c66a8a12
Requires: stringr

Package: magrittr
Source: CRAN
Version: 1.5
Hash: bdc4d48c3135e8f3b399536ddf160df4

Package: markdown
Source: CRAN
Version: 0.8
Hash: 045d7c594d503b41f1c28946d076c8aa
Requires: mime

Package: memoise
Source: CRAN
Version: 1.1.0
Hash: 410fcd334bc626db100237cc1370f2e9
Requires: digest

Package: mime
Source: CRAN
Version: 0.5
Hash: 463550cf44fb6f0a2359368f42eebe62

Package: openssl
Source: CRAN
Version: 0.9.6
Hash: 5f4711e142a44655dfea4d64fcf2f641

Package: packrat
Source: CRAN
Version: 0.4.8-1
Hash: 6ad605ba7b4b476d84be6632393f5765

Package: plyr
Source: CRAN
Version: 1.8.4
Hash: c9ddbdcfd74ff964e3e7d0b692a8dd70
Requires: Rcpp

Package: purrr
Source: CRAN
Version: 0.2.2
Hash: 9f218b40dee7fe7f942039f974bd98b8
Requires: BH, Rcpp, dplyr, lazyeval, magrittr

Package: quantmod
Source: CRAN
Version: 0.4-8
Hash: e891dcaac8a57dfbc387090f652c6eb8
Requires: TTR, xts, zoo

Package: readr
Source: CRAN
Version: 1.1.0
Hash: 3506086f41d307f5a78ee64e010536fa
Requires: BH, R6, Rcpp, hms, tibble

Package: reshape2
Source: CRAN
Version: 1.4.2
Hash: 790c06c11c84041b814139d731a872b9
Requires: Rcpp, plyr, stringr

Package: rmarkdown
Source: CRAN
Version: 1.5
Hash: b37fc27c2604de97b4981eeae7a00879
Requires: base64enc, caTools, evaluate, htmltools, jsonlite, knitr,
    rprojroot, yaml

Package: rpivotTable
Source: CRAN
Version: 0.2.0
Hash: 0f7122292906226597d34da3dab287a6
Requires: htmlwidgets

Package: rprojroot
Source: CRAN
Version: 1.2
Hash: fdcac51a7f47decd60556ceefc3c26b1
Requires: backports

Package: shiny
Source: CRAN
Version: 1.0.3
Hash: f133585c72ea31592f663e68c6ff0b3e
Requires: R6, digest, htmltools, httpuv, jsonlite, mime, sourcetools,
    xtable

Package: sourcetools
Source: CRAN
Version: 0.1.6
Hash: 226d56d7469587da40b0f96180e711b4

Package: stringi
Source: CRAN
Version: 1.1.5
Hash: b6308e49357a0b475f433599e0d8b5eb

Package: stringr
Source: CRAN
Version: 1.2.0
Hash: 25a86d7f410513ebb7c0bc6a5e16bdc3
Requires: magrittr, stringi

Package: tibble
Source: CRAN
Version: 1.3.0
Hash: 8de64ed3345488e66b676875ed1ebdce
Requires: Rcpp, lazyeval

Package: vegalite
Source: github
Version: 0.7.1
Hash: 0ba7f592c3eb886a7b6bc37d6681d303
Requires: base64, clipr, digest, htmltools, htmlwidgets, jsonlite,
    magrittr, webshot
GithubRepo: vegalite
GithubUsername: hrbrmstr
GithubRef: master
GithubSha1: 88c3b8ab8e5d903f75f78c5873dcd45440e0d29c

Package: webshot
Source: CRAN
Version: 0.4.0
Hash: c6bad987012faca757518bdc5477e04b
Requires: jsonlite, magrittr

Package: xtable
Source: CRAN
Version: 1.8-2
Hash: 7293235cfcc14cdff1ce7fd1a0212031

Package: xts
Source: CRAN
Version: 0.9-7
Hash: fb3f81d7a2fa2323879b6b49722ddc5e
Requires: zoo

Package: yaml
Source: CRAN
Version: 2.1.14
Hash: c81230c3a7d9ba20607ad6b4331173d1

Package: zoo
Source: CRAN
Version: 1.8-0
Hash: df9711767f56f086e8a8d1f0fb926ff6
